// !$*UTF8*$!
{
	archiveVersion = 1;
	classes = {
	};
	objectVersion = 55;
	objects = {

/* Begin PBXBuildFile section */
		330D5254275EB0DE005C7DD2 /* AppDelegate.swift in Sources */ = {isa = PBXBuildFile; fileRef = 330D5253275EB0DE005C7DD2 /* AppDelegate.swift */; };
		330D5256275EB0DE005C7DD2 /* SceneDelegate.swift in Sources */ = {isa = PBXBuildFile; fileRef = 330D5255275EB0DE005C7DD2 /* SceneDelegate.swift */; };
		330D5258275EB0DE005C7DD2 /* ViewController.swift in Sources */ = {isa = PBXBuildFile; fileRef = 330D5257275EB0DE005C7DD2 /* ViewController.swift */; };
		330D525B275EB0DE005C7DD2 /* Main.storyboard in Resources */ = {isa = PBXBuildFile; fileRef = 330D5259275EB0DE005C7DD2 /* Main.storyboard */; };
		330D525D275EB0E2005C7DD2 /* Assets.xcassets in Resources */ = {isa = PBXBuildFile; fileRef = 330D525C275EB0E2005C7DD2 /* Assets.xcassets */; };
		330D5260275EB0E2005C7DD2 /* LaunchScreen.storyboard in Resources */ = {isa = PBXBuildFile; fileRef = 330D525E275EB0E2005C7DD2 /* LaunchScreen.storyboard */; };
		330D526B275EB0E2005C7DD2 /* OldGuyTests.swift in Sources */ = {isa = PBXBuildFile; fileRef = 330D526A275EB0E2005C7DD2 /* OldGuyTests.swift */; };
		330D5275275EB0E2005C7DD2 /* OldGuyUITests.swift in Sources */ = {isa = PBXBuildFile; fileRef = 330D5274275EB0E2005C7DD2 /* OldGuyUITests.swift */; };
		330D5277275EB0E2005C7DD2 /* OldGuyUITestsLaunchTests.swift in Sources */ = {isa = PBXBuildFile; fileRef = 330D5276275EB0E2005C7DD2 /* OldGuyUITestsLaunchTests.swift */; };
/* End PBXBuildFile section */

/* Begin PBXContainerItemProxy section */
		330D5267275EB0E2005C7DD2 /* PBXContainerItemProxy */ = {
			isa = PBXContainerItemProxy;
			containerPortal = 330D5248275EB0DE005C7DD2 /* Project object */;
			proxyType = 1;
			remoteGlobalIDString = 330D524F275EB0DE005C7DD2;
			remoteInfo = OldGuy;
		};
		330D5271275EB0E2005C7DD2 /* PBXContainerItemProxy */ = {
			isa = PBXContainerItemProxy;
			containerPortal = 330D5248275EB0DE005C7DD2 /* Project object */;
			proxyType = 1;
			remoteGlobalIDString = 330D524F275EB0DE005C7DD2;
			remoteInfo = OldGuy;
		};
/* End PBXContainerItemProxy section */

/* Begin PBXFileReference section */
		330D5250275EB0DE005C7DD2 /* OldGuy.app */ = {isa = PBXFileReference; explicitFileType = wrapper.application; includeInIndex = 0; path = OldGuy.app; sourceTree = BUILT_PRODUCTS_DIR; };
		330D5253275EB0DE005C7DD2 /* AppDelegate.swift */ = {isa = PBXFileReference; lastKnownFileType = sourcecode.swift; path = AppDelegate.swift; sourceTree = "<group>"; };
		330D5255275EB0DE005C7DD2 /* SceneDelegate.swift */ = {isa = PBXFileReference; lastKnownFileType = sourcecode.swift; path = SceneDelegate.swift; sourceTree = "<group>"; };
		330D5257275EB0DE005C7DD2 /* ViewController.swift */ = {isa = PBXFileReference; lastKnownFileType = sourcecode.swift; path = ViewController.swift; sourceTree = "<group>"; };
		330D525A275EB0DE005C7DD2 /* Base */ = {isa = PBXFileReference; lastKnownFileType = file.storyboard; name = Base; path = Base.lproj/Main.storyboard; sourceTree = "<group>"; };
		330D525C275EB0E2005C7DD2 /* Assets.xcassets */ = {isa = PBXFileReference; lastKnownFileType = folder.assetcatalog; path = Assets.xcassets; sourceTree = "<group>"; };
		330D525F275EB0E2005C7DD2 /* Base */ = {isa = PBXFileReference; lastKnownFileType = file.storyboard; name = Base; path = Base.lproj/LaunchScreen.storyboard; sourceTree = "<group>"; };
		330D5261275EB0E2005C7DD2 /* Info.plist */ = {isa = PBXFileReference; lastKnownFileType = text.plist.xml; path = Info.plist; sourceTree = "<group>"; };
		330D5266275EB0E2005C7DD2 /* OldGuyTests.xctest */ = {isa = PBXFileReference; explicitFileType = wrapper.cfbundle; includeInIndex = 0; path = OldGuyTests.xctest; sourceTree = BUILT_PRODUCTS_DIR; };
		330D526A275EB0E2005C7DD2 /* OldGuyTests.swift */ = {isa = PBXFileReference; lastKnownFileType = sourcecode.swift; path = OldGuyTests.swift; sourceTree = "<group>"; };
		330D5270275EB0E2005C7DD2 /* OldGuyUITests.xctest */ = {isa = PBXFileReference; explicitFileType = wrapper.cfbundle; includeInIndex = 0; path = OldGuyUITests.xctest; sourceTree = BUILT_PRODUCTS_DIR; };
		330D5274275EB0E2005C7DD2 /* OldGuyUITests.swift */ = {isa = PBXFileReference; lastKnownFileType = sourcecode.swift; path = OldGuyUITests.swift; sourceTree = "<group>"; };
		330D5276275EB0E2005C7DD2 /* OldGuyUITestsLaunchTests.swift */ = {isa = PBXFileReference; lastKnownFileType = sourcecode.swift; path = OldGuyUITestsLaunchTests.swift; sourceTree = "<group>"; };
/* End PBXFileReference section */

/* Begin PBXFrameworksBuildPhase section */
		330D524D275EB0DE005C7DD2 /* Frameworks */ = {
			isa = PBXFrameworksBuildPhase;
			buildActionMask = 2147483647;
			files = (
			);
			runOnlyForDeploymentPostprocessing = 0;
		};
		330D5263275EB0E2005C7DD2 /* Frameworks */ = {
			isa = PBXFrameworksBuildPhase;
			buildActionMask = 2147483647;
			files = (
			);
			runOnlyForDeploymentPostprocessing = 0;
		};
		330D526D275EB0E2005C7DD2 /* Frameworks */ = {
			isa = PBXFrameworksBuildPhase;
			buildActionMask = 2147483647;
			files = (
			);
			runOnlyForDeploymentPostprocessing = 0;
		};
/* End PBXFrameworksBuildPhase section */

/* Begin PBXGroup section */
		330D5247275EB0DE005C7DD2 = {
			isa = PBXGroup;
			children = (
				330D5252275EB0DE005C7DD2 /* OldGuy */,
				330D5269275EB0E2005C7DD2 /* OldGuyTests */,
				330D5273275EB0E2005C7DD2 /* OldGuyUITests */,
				330D5251275EB0DE005C7DD2 /* Products */,
			);
			sourceTree = "<group>";
		};
		330D5251275EB0DE005C7DD2 /* Products */ = {
			isa = PBXGroup;
			children = (
				330D5250275EB0DE005C7DD2 /* OldGuy.app */,
				330D5266275EB0E2005C7DD2 /* OldGuyTests.xctest */,
				330D5270275EB0E2005C7DD2 /* OldGuyUITests.xctest */,
			);
			name = Products;
			sourceTree = "<group>";
		};
		330D5252275EB0DE005C7DD2 /* OldGuy */ = {
			isa = PBXGroup;
			children = (
				330D5253275EB0DE005C7DD2 /* AppDelegate.swift */,
				330D5255275EB0DE005C7DD2 /* SceneDelegate.swift */,
				330D5257275EB0DE005C7DD2 /* ViewController.swift */,
				330D5259275EB0DE005C7DD2 /* Main.storyboard */,
				330D525C275EB0E2005C7DD2 /* Assets.xcassets */,
				330D525E275EB0E2005C7DD2 /* LaunchScreen.storyboard */,
				330D5261275EB0E2005C7DD2 /* Info.plist */,
			);
			path = OldGuy;
			sourceTree = "<group>";
		};
		330D5269275EB0E2005C7DD2 /* OldGuyTests */ = {
			isa = PBXGroup;
			children = (
				330D526A275EB0E2005C7DD2 /* OldGuyTests.swift */,
			);
			path = OldGuyTests;
			sourceTree = "<group>";
		};
		330D5273275EB0E2005C7DD2 /* OldGuyUITests */ = {
			isa = PBXGroup;
			children = (
				330D5274275EB0E2005C7DD2 /* OldGuyUITests.swift */,
				330D5276275EB0E2005C7DD2 /* OldGuyUITestsLaunchTests.swift */,
			);
			path = OldGuyUITests;
			sourceTree = "<group>";
		};
/* End PBXGroup section */

/* Begin PBXNativeTarget section */
		330D524F275EB0DE005C7DD2 /* OldGuy */ = {
			isa = PBXNativeTarget;
			buildConfigurationList = 330D527A275EB0E2005C7DD2 /* Build configuration list for PBXNativeTarget "OldGuy" */;
			buildPhases = (
				330D524C275EB0DE005C7DD2 /* Sources */,
				330D524D275EB0DE005C7DD2 /* Frameworks */,
				330D524E275EB0DE005C7DD2 /* Resources */,
			);
			buildRules = (
			);
			dependencies = (
			);
			name = OldGuy;
			productName = OldGuy;
			productReference = 330D5250275EB0DE005C7DD2 /* OldGuy.app */;
			productType = "com.apple.product-type.application";
		};
		330D5265275EB0E2005C7DD2 /* OldGuyTests */ = {
			isa = PBXNativeTarget;
			buildConfigurationList = 330D527D275EB0E2005C7DD2 /* Build configuration list for PBXNativeTarget "OldGuyTests" */;
			buildPhases = (
				330D5262275EB0E2005C7DD2 /* Sources */,
				330D5263275EB0E2005C7DD2 /* Frameworks */,
				330D5264275EB0E2005C7DD2 /* Resources */,
			);
			buildRules = (
			);
			dependencies = (
				330D5268275EB0E2005C7DD2 /* PBXTargetDependency */,
			);
			name = OldGuyTests;
			productName = OldGuyTests;
			productReference = 330D5266275EB0E2005C7DD2 /* OldGuyTests.xctest */;
			productType = "com.apple.product-type.bundle.unit-test";
		};
		330D526F275EB0E2005C7DD2 /* OldGuyUITests */ = {
			isa = PBXNativeTarget;
			buildConfigurationList = 330D5280275EB0E2005C7DD2 /* Build configuration list for PBXNativeTarget "OldGuyUITests" */;
			buildPhases = (
				330D526C275EB0E2005C7DD2 /* Sources */,
				330D526D275EB0E2005C7DD2 /* Frameworks */,
				330D526E275EB0E2005C7DD2 /* Resources */,
			);
			buildRules = (
			);
			dependencies = (
				330D5272275EB0E2005C7DD2 /* PBXTargetDependency */,
			);
			name = OldGuyUITests;
			productName = OldGuyUITests;
			productReference = 330D5270275EB0E2005C7DD2 /* OldGuyUITests.xctest */;
			productType = "com.apple.product-type.bundle.ui-testing";
		};
/* End PBXNativeTarget section */

/* Begin PBXProject section */
		330D5248275EB0DE005C7DD2 /* Project object */ = {
			isa = PBXProject;
			attributes = {
				BuildIndependentTargetsInParallel = 1;
				LastSwiftUpdateCheck = 1310;
				LastUpgradeCheck = 1310;
				TargetAttributes = {
					330D524F275EB0DE005C7DD2 = {
						CreatedOnToolsVersion = 13.1;
					};
					330D5265275EB0E2005C7DD2 = {
						CreatedOnToolsVersion = 13.1;
						TestTargetID = 330D524F275EB0DE005C7DD2;
					};
					330D526F275EB0E2005C7DD2 = {
						CreatedOnToolsVersion = 13.1;
						TestTargetID = 330D524F275EB0DE005C7DD2;
					};
				};
			};
			buildConfigurationList = 330D524B275EB0DE005C7DD2 /* Build configuration list for PBXProject "OldGuy" */;
			compatibilityVersion = "Xcode 13.0";
			developmentRegion = en;
			hasScannedForEncodings = 0;
			knownRegions = (
				en,
				Base,
			);
			mainGroup = 330D5247275EB0DE005C7DD2;
			productRefGroup = 330D5251275EB0DE005C7DD2 /* Products */;
			projectDirPath = "";
			projectRoot = "";
			targets = (
				330D524F275EB0DE005C7DD2 /* OldGuy */,
				330D5265275EB0E2005C7DD2 /* OldGuyTests */,
				330D526F275EB0E2005C7DD2 /* OldGuyUITests */,
			);
		};
/* End PBXProject section */

/* Begin PBXResourcesBuildPhase section */
		330D524E275EB0DE005C7DD2 /* Resources */ = {
			isa = PBXResourcesBuildPhase;
			buildActionMask = 2147483647;
			files = (
				330D5260275EB0E2005C7DD2 /* LaunchScreen.storyboard in Resources */,
				330D525D275EB0E2005C7DD2 /* Assets.xcassets in Resources */,
				330D525B275EB0DE005C7DD2 /* Main.storyboard in Resources */,
			);
			runOnlyForDeploymentPostprocessing = 0;
		};
		330D5264275EB0E2005C7DD2 /* Resources */ = {
			isa = PBXResourcesBuildPhase;
			buildActionMask = 2147483647;
			files = (
			);
			runOnlyForDeploymentPostprocessing = 0;
		};
		330D526E275EB0E2005C7DD2 /* Resources */ = {
			isa = PBXResourcesBuildPhase;
			buildActionMask = 2147483647;
			files = (
			);
			runOnlyForDeploymentPostprocessing = 0;
		};
/* End PBXResourcesBuildPhase section */

/* Begin PBXSourcesBuildPhase section */
		330D524C275EB0DE005C7DD2 /* Sources */ = {
			isa = PBXSourcesBuildPhase;
			buildActionMask = 2147483647;
			files = (
				330D5258275EB0DE005C7DD2 /* ViewController.swift in Sources */,
				330D5254275EB0DE005C7DD2 /* AppDelegate.swift in Sources */,
				330D5256275EB0DE005C7DD2 /* SceneDelegate.swift in Sources */,
			);
			runOnlyForDeploymentPostprocessing = 0;
		};
		330D5262275EB0E2005C7DD2 /* Sources */ = {
			isa = PBXSourcesBuildPhase;
			buildActionMask = 2147483647;
			files = (
				330D526B275EB0E2005C7DD2 /* OldGuyTests.swift in Sources */,
			);
			runOnlyForDeploymentPostprocessing = 0;
		};
		330D526C275EB0E2005C7DD2 /* Sources */ = {
			isa = PBXSourcesBuildPhase;
			buildActionMask = 2147483647;
			files = (
				330D5277275EB0E2005C7DD2 /* OldGuyUITestsLaunchTests.swift in Sources */,
				330D5275275EB0E2005C7DD2 /* OldGuyUITests.swift in Sources */,
			);
			runOnlyForDeploymentPostprocessing = 0;
		};
/* End PBXSourcesBuildPhase section */

/* Begin PBXTargetDependency section */
		330D5268275EB0E2005C7DD2 /* PBXTargetDependency */ = {
			isa = PBXTargetDependency;
			target = 330D524F275EB0DE005C7DD2 /* OldGuy */;
			targetProxy = 330D5267275EB0E2005C7DD2 /* PBXContainerItemProxy */;
		};
		330D5272275EB0E2005C7DD2 /* PBXTargetDependency */ = {
			isa = PBXTargetDependency;
			target = 330D524F275EB0DE005C7DD2 /* OldGuy */;
			targetProxy = 330D5271275EB0E2005C7DD2 /* PBXContainerItemProxy */;
		};
/* End PBXTargetDependency section */

/* Begin PBXVariantGroup section */
		330D5259275EB0DE005C7DD2 /* Main.storyboard */ = {
			isa = PBXVariantGroup;
			children = (
				330D525A275EB0DE005C7DD2 /* Base */,
			);
			name = Main.storyboard;
			sourceTree = "<group>";
		};
		330D525E275EB0E2005C7DD2 /* LaunchScreen.storyboard */ = {
			isa = PBXVariantGroup;
			children = (
				330D525F275EB0E2005C7DD2 /* Base */,
			);
			name = LaunchScreen.storyboard;
			sourceTree = "<group>";
		};
/* End PBXVariantGroup section */

/* Begin XCBuildConfiguration section */
		330D5278275EB0E2005C7DD2 /* Debug */ = {
			isa = XCBuildConfiguration;
			buildSettings = {
				ALWAYS_SEARCH_USER_PATHS = NO;
				CLANG_ANALYZER_NONNULL = YES;
				CLANG_ANALYZER_NUMBER_OBJECT_CONVERSION = YES_AGGRESSIVE;
				CLANG_CXX_LANGUAGE_STANDARD = "gnu++17";
				CLANG_CXX_LIBRARY = "libc++";
				CLANG_ENABLE_MODULES = YES;
				CLANG_ENABLE_OBJC_ARC = YES;
				CLANG_ENABLE_OBJC_WEAK = YES;
				CLANG_WARN_BLOCK_CAPTURE_AUTORELEASING = YES;
				CLANG_WARN_BOOL_CONVERSION = YES;
				CLANG_WARN_COMMA = YES;
				CLANG_WARN_CONSTANT_CONVERSION = YES;
				CLANG_WARN_DEPRECATED_OBJC_IMPLEMENTATIONS = YES;
				CLANG_WARN_DIRECT_OBJC_ISA_USAGE = YES_ERROR;
				CLANG_WARN_DOCUMENTATION_COMMENTS = YES;
				CLANG_WARN_EMPTY_BODY = YES;
				CLANG_WARN_ENUM_CONVERSION = YES;
				CLANG_WARN_INFINITE_RECURSION = YES;
				CLANG_WARN_INT_CONVERSION = YES;
				CLANG_WARN_NON_LITERAL_NULL_CONVERSION = YES;
				CLANG_WARN_OBJC_IMPLICIT_RETAIN_SELF = YES;
				CLANG_WARN_OBJC_LITERAL_CONVERSION = YES;
				CLANG_WARN_OBJC_ROOT_CLASS = YES_ERROR;
				CLANG_WARN_QUOTED_INCLUDE_IN_FRAMEWORK_HEADER = YES;
				CLANG_WARN_RANGE_LOOP_ANALYSIS = YES;
				CLANG_WARN_STRICT_PROTOTYPES = YES;
				CLANG_WARN_SUSPICIOUS_MOVE = YES;
				CLANG_WARN_UNGUARDED_AVAILABILITY = YES_AGGRESSIVE;
				CLANG_WARN_UNREACHABLE_CODE = YES;
				CLANG_WARN__DUPLICATE_METHOD_MATCH = YES;
				COPY_PHASE_STRIP = NO;
				DEBUG_INFORMATION_FORMAT = dwarf;
				ENABLE_STRICT_OBJC_MSGSEND = YES;
				ENABLE_TESTABILITY = YES;
				GCC_C_LANGUAGE_STANDARD = gnu11;
				GCC_DYNAMIC_NO_PIC = NO;
				GCC_NO_COMMON_BLOCKS = YES;
				GCC_OPTIMIZATION_LEVEL = 0;
				GCC_PREPROCESSOR_DEFINITIONS = (
					"DEBUG=1",
					"$(inherited)",
				);
				GCC_WARN_64_TO_32_BIT_CONVERSION = YES;
				GCC_WARN_ABOUT_RETURN_TYPE = YES_ERROR;
				GCC_WARN_UNDECLARED_SELECTOR = YES;
				GCC_WARN_UNINITIALIZED_AUTOS = YES_AGGRESSIVE;
				GCC_WARN_UNUSED_FUNCTION = YES;
				GCC_WARN_UNUSED_VARIABLE = YES;
				IPHONEOS_DEPLOYMENT_TARGET = 15.0;
				MTL_ENABLE_DEBUG_INFO = INCLUDE_SOURCE;
				MTL_FAST_MATH = YES;
				ONLY_ACTIVE_ARCH = YES;
				SDKROOT = iphoneos;
				SWIFT_ACTIVE_COMPILATION_CONDITIONS = DEBUG;
				SWIFT_OPTIMIZATION_LEVEL = "-Onone";
			};
			name = Debug;
		};
		330D5279275EB0E2005C7DD2 /* Release */ = {
			isa = XCBuildConfiguration;
			buildSettings = {
				ALWAYS_SEARCH_USER_PATHS = NO;
				CLANG_ANALYZER_NONNULL = YES;
				CLANG_ANALYZER_NUMBER_OBJECT_CONVERSION = YES_AGGRESSIVE;
				CLANG_CXX_LANGUAGE_STANDARD = "gnu++17";
				CLANG_CXX_LIBRARY = "libc++";
				CLANG_ENABLE_MODULES = YES;
				CLANG_ENABLE_OBJC_ARC = YES;
				CLANG_ENABLE_OBJC_WEAK = YES;
				CLANG_WARN_BLOCK_CAPTURE_AUTORELEASING = YES;
				CLANG_WARN_BOOL_CONVERSION = YES;
				CLANG_WARN_COMMA = YES;
				CLANG_WARN_CONSTANT_CONVERSION = YES;
				CLANG_WARN_DEPRECATED_OBJC_IMPLEMENTATIONS = YES;
				CLANG_WARN_DIRECT_OBJC_ISA_USAGE = YES_ERROR;
				CLANG_WARN_DOCUMENTATION_COMMENTS = YES;
				CLANG_WARN_EMPTY_BODY = YES;
				CLANG_WARN_ENUM_CONVERSION = YES;
				CLANG_WARN_INFINITE_RECURSION = YES;
				CLANG_WARN_INT_CONVERSION = YES;
				CLANG_WARN_NON_LITERAL_NULL_CONVERSION = YES;
				CLANG_WARN_OBJC_IMPLICIT_RETAIN_SELF = YES;
				CLANG_WARN_OBJC_LITERAL_CONVERSION = YES;
				CLANG_WARN_OBJC_ROOT_CLASS = YES_ERROR;
				CLANG_WARN_QUOTED_INCLUDE_IN_FRAMEWORK_HEADER = YES;
				CLANG_WARN_RANGE_LOOP_ANALYSIS = YES;
				CLANG_WARN_STRICT_PROTOTYPES = YES;
				CLANG_WARN_SUSPICIOUS_MOVE = YES;
				CLANG_WARN_UNGUARDED_AVAILABILITY = YES_AGGRESSIVE;
				CLANG_WARN_UNREACHABLE_CODE = YES;
				CLANG_WARN__DUPLICATE_METHOD_MATCH = YES;
				COPY_PHASE_STRIP = NO;
				DEBUG_INFORMATION_FORMAT = "dwarf-with-dsym";
				ENABLE_NS_ASSERTIONS = NO;
				ENABLE_STRICT_OBJC_MSGSEND = YES;
				GCC_C_LANGUAGE_STANDARD = gnu11;
				GCC_NO_COMMON_BLOCKS = YES;
				GCC_WARN_64_TO_32_BIT_CONVERSION = YES;
				GCC_WARN_ABOUT_RETURN_TYPE = YES_ERROR;
				GCC_WARN_UNDECLARED_SELECTOR = YES;
				GCC_WARN_UNINITIALIZED_AUTOS = YES_AGGRESSIVE;
				GCC_WARN_UNUSED_FUNCTION = YES;
				GCC_WARN_UNUSED_VARIABLE = YES;
				IPHONEOS_DEPLOYMENT_TARGET = 15.0;
				MTL_ENABLE_DEBUG_INFO = NO;
				MTL_FAST_MATH = YES;
				SDKROOT = iphoneos;
				SWIFT_COMPILATION_MODE = wholemodule;
				SWIFT_OPTIMIZATION_LEVEL = "-O";
				VALIDATE_PRODUCT = YES;
			};
			name = Release;
		};
		330D527B275EB0E2005C7DD2 /* Debug */ = {
			isa = XCBuildConfiguration;
			buildSettings = {
				ASSETCATALOG_COMPILER_APPICON_NAME = AppIcon;
				ASSETCATALOG_COMPILER_GLOBAL_ACCENT_COLOR_NAME = AccentColor;
				CODE_SIGN_STYLE = Automatic;
				CURRENT_PROJECT_VERSION = 1;
				DEVELOPMENT_TEAM = D2G26QBECG;
				GENERATE_INFOPLIST_FILE = YES;
				INFOPLIST_FILE = OldGuy/Info.plist;
				INFOPLIST_KEY_UIApplicationSupportsIndirectInputEvents = YES;
				INFOPLIST_KEY_UILaunchStoryboardName = LaunchScreen;
				INFOPLIST_KEY_UIMainStoryboardFile = Main;
				INFOPLIST_KEY_UISupportedInterfaceOrientations_iPad = "UIInterfaceOrientationPortrait UIInterfaceOrientationPortraitUpsideDown UIInterfaceOrientationLandscapeLeft UIInterfaceOrientationLandscapeRight";
				INFOPLIST_KEY_UISupportedInterfaceOrientations_iPhone = "UIInterfaceOrientationPortrait UIInterfaceOrientationLandscapeLeft UIInterfaceOrientationLandscapeRight";
				LD_RUNPATH_SEARCH_PATHS = (
					"$(inherited)",
					"@executable_path/Frameworks",
				);
				MARKETING_VERSION = 1.0;
				PRODUCT_BUNDLE_IDENTIFIER = com.usu.OldGuy;
				PRODUCT_NAME = "$(TARGET_NAME)";
				SWIFT_EMIT_LOC_STRINGS = YES;
				SWIFT_VERSION = 5.0;
				TARGETED_DEVICE_FAMILY = "1,2";
			};
			name = Debug;
		};
		330D527C275EB0E2005C7DD2 /* Release */ = {
			isa = XCBuildConfiguration;
			buildSettings = {
				ASSETCATALOG_COMPILER_APPICON_NAME = AppIcon;
				ASSETCATALOG_COMPILER_GLOBAL_ACCENT_COLOR_NAME = AccentColor;
				CODE_SIGN_STYLE = Automatic;
				CURRENT_PROJECT_VERSION = 1;
				DEVELOPMENT_TEAM = D2G26QBECG;
				GENERATE_INFOPLIST_FILE = YES;
				INFOPLIST_FILE = OldGuy/Info.plist;
				INFOPLIST_KEY_UIApplicationSupportsIndirectInputEvents = YES;
				INFOPLIST_KEY_UILaunchStoryboardName = LaunchScreen;
				INFOPLIST_KEY_UIMainStoryboardFile = Main;
				INFOPLIST_KEY_UISupportedInterfaceOrientations_iPad = "UIInterfaceOrientationPortrait UIInterfaceOrientationPortraitUpsideDown UIInterfaceOrientationLandscapeLeft UIInterfaceOrientationLandscapeRight";
				INFOPLIST_KEY_UISupportedInterfaceOrientations_iPhone = "UIInterfaceOrientationPortrait UIInterfaceOrientationLandscapeLeft UIInterfaceOrientationLandscapeRight";
				LD_RUNPATH_SEARCH_PATHS = (
					"$(inherited)",
					"@executable_path/Frameworks",
				);
				MARKETING_VERSION = 1.0;
				PRODUCT_BUNDLE_IDENTIFIER = com.usu.OldGuy;
				PRODUCT_NAME = "$(TARGET_NAME)";
				SWIFT_EMIT_LOC_STRINGS = YES;
				SWIFT_VERSION = 5.0;
				TARGETED_DEVICE_FAMILY = "1,2";
			};
			name = Release;
		};
		330D527E275EB0E2005C7DD2 /* Debug */ = {
			isa = XCBuildConfiguration;
			buildSettings = {
				ALWAYS_EMBED_SWIFT_STANDARD_LIBRARIES = YES;
				BUNDLE_LOADER = "$(TEST_HOST)";
				CODE_SIGN_STYLE = Automatic;
				CURRENT_PROJECT_VERSION = 1;
				DEVELOPMENT_TEAM = D2G26QBECG;
				GENERATE_INFOPLIST_FILE = YES;
				IPHONEOS_DEPLOYMENT_TARGET = 15.0;
				LD_RUNPATH_SEARCH_PATHS = (
					"$(inherited)",
					"@executable_path/Frameworks",
					"@loader_path/Frameworks",
				);
				MARKETING_VERSION = 1.0;
				PRODUCT_BUNDLE_IDENTIFIER = com.usu.OldGuyTests;
				PRODUCT_NAME = "$(TARGET_NAME)";
				SWIFT_EMIT_LOC_STRINGS = NO;
				SWIFT_VERSION = 5.0;
				TARGETED_DEVICE_FAMILY = "1,2";
				TEST_HOST = "$(BUILT_PRODUCTS_DIR)/OldGuy.app/OldGuy";
			};
			name = Debug;
		};
		330D527F275EB0E2005C7DD2 /* Release */ = {
			isa = XCBuildConfiguration;
			buildSettings = {
				ALWAYS_EMBED_SWIFT_STANDARD_LIBRARIES = YES;
				BUNDLE_LOADER = "$(TEST_HOST)";
				CODE_SIGN_STYLE = Automatic;
				CURRENT_PROJECT_VERSION = 1;
				DEVELOPMENT_TEAM = D2G26QBECG;
				GENERATE_INFOPLIST_FILE = YES;
				IPHONEOS_DEPLOYMENT_TARGET = 15.0;
				LD_RUNPATH_SEARCH_PATHS = (
					"$(inherited)",
					"@executable_path/Frameworks",
					"@loader_path/Frameworks",
				);
				MARKETING_VERSION = 1.0;
				PRODUCT_BUNDLE_IDENTIFIER = com.usu.OldGuyTests;
				PRODUCT_NAME = "$(TARGET_NAME)";
				SWIFT_EMIT_LOC_STRINGS = NO;
				SWIFT_VERSION = 5.0;
				TARGETED_DEVICE_FAMILY = "1,2";
				TEST_HOST = "$(BUILT_PRODUCTS_DIR)/OldGuy.app/OldGuy";
			};
			name = Release;
		};
		330D5281275EB0E2005C7DD2 /* Debug */ = {
			isa = XCBuildConfiguration;
			buildSettings = {
				ALWAYS_EMBED_SWIFT_STANDARD_LIBRARIES = YES;
				CODE_SIGN_STYLE = Automatic;
				CURRENT_PROJECT_VERSION = 1;
				DEVELOPMENT_TEAM = D2G26QBECG;
				GENERATE_INFOPLIST_FILE = YES;
				LD_RUNPATH_SEARCH_PATHS = (
					"$(inherited)",
					"@executable_path/Frameworks",
					"@loader_path/Frameworks",
				);
				MARKETING_VERSION = 1.0;
				PRODUCT_BUNDLE_IDENTIFIER = com.usu.OldGuyUITests;
				PRODUCT_NAME = "$(TARGET_NAME)";
				SWIFT_EMIT_LOC_STRINGS = NO;
				SWIFT_VERSION = 5.0;
				TARGETED_DEVICE_FAMILY = "1,2";
				TEST_TARGET_NAME = OldGuy;
			};
			name = Debug;
		};
		330D5282275EB0E2005C7DD2 /* Release */ = {
			isa = XCBuildConfiguration;
			buildSettings = {
				ALWAYS_EMBED_SWIFT_STANDARD_LIBRARIES = YES;
				CODE_SIGN_STYLE = Automatic;
				CURRENT_PROJECT_VERSION = 1;
				DEVELOPMENT_TEAM = D2G26QBECG;
				GENERATE_INFOPLIST_FILE = YES;
				LD_RUNPATH_SEARCH_PATHS = (
					"$(inherited)",
					"@executable_path/Frameworks",
					"@loader_path/Frameworks",
				);
				MARKETING_VERSION = 1.0;
				PRODUCT_BUNDLE_IDENTIFIER = com.usu.OldGuyUITests;
				PRODUCT_NAME = "$(TARGET_NAME)";
				SWIFT_EMIT_LOC_STRINGS = NO;
				SWIFT_VERSION = 5.0;
				TARGETED_DEVICE_FAMILY = "1,2";
				TEST_TARGET_NAME = OldGuy;
			};
			name = Release;
		};
/* End XCBuildConfiguration section */

/* Begin XCConfigurationList section */
		330D524B275EB0DE005C7DD2 /* Build configuration list for PBXProject "OldGuy" */ = {
			isa = XCConfigurationList;
			buildConfigurations = (
				330D5278275EB0E2005C7DD2 /* Debug */,
				330D5279275EB0E2005C7DD2 /* Release */,
			);
			defaultConfigurationIsVisible = 0;
			defaultConfigurationName = Release;
		};
		330D527A275EB0E2005C7DD2 /* Build configuration list for PBXNativeTarget "OldGuy" */ = {
			isa = XCConfigurationList;
			buildConfigurations = (
				330D527B275EB0E2005C7DD2 /* Debug */,
				330D527C275EB0E2005C7DD2 /* Release */,
			);
			defaultConfigurationIsVisible = 0;
			defaultConfigurationName = Release;
		};
		330D527D275EB0E2005C7DD2 /* Build configuration list for PBXNativeTarget "OldGuyTests" */ = {
			isa = XCConfigurationList;
			buildConfigurations = (
				330D527E275EB0E2005C7DD2 /* Debug */,
				330D527F275EB0E2005C7DD2 /* Release */,
			);
			defaultConfigurationIsVisible = 0;
			defaultConfigurationName = Release;
		};
		330D5280275EB0E2005C7DD2 /* Build configuration list for PBXNativeTarget "OldGuyUITests" */ = {
			isa = XCConfigurationList;
			buildConfigurations = (
				330D5281275EB0E2005C7DD2 /* Debug */,
				330D5282275EB0E2005C7DD2 /* Release */,
			);
			defaultConfigurationIsVisible = 0;
			defaultConfigurationName = Release;
		};
/* End XCConfigurationList section */
	};
	rootObject = 330D5248275EB0DE005C7DD2 /* Project object */;
}
